
Microsoft Visual Studio Solution File, Format Version 12.00
# Visual Studio Version 17
VisualStudioVersion = 17.14.36221.1 d17.14
MinimumVisualStudioVersion = 10.0.40219.1
Project("{2150E333-8FDC-42A3-9474-1A3956D46DE8}") = "src", "src", "{02EA681E-C7D8-13C7-8484-4AC65E1B71E8}"
EndProject
Project("{2150E333-8FDC-42A3-9474-1A3956D46DE8}") = "tests", "tests", "{D759309F-9F07-42C6-AA98-C721C1A066A4}"
EndProject
Project("{FAE04EC0-301F-11D3-BF4B-00C04F79EFBC}") = "NorelyBlazorPOC.Web", "NorelyBlazorPOC.Web\NorelyBlazorPOC.Web.csproj", "{D42CA915-8660-4125-B4E2-21EBD6ADA252}"
EndProject
Project("{FAE04EC0-301F-11D3-BF4B-00C04F79EFBC}") = "NorelyBlazorPOC.Tests", "NorelyBlazorPOC.Tests\NorelyBlazorPOC.Tests.csproj", "{0C0E21A5-3D18-4E31-8B31-A47D6BE67804}"
EndProject
Global
	GlobalSection(SolutionConfigurationPlatforms) = preSolution
		Debug|Any CPU = Debug|Any CPU
		Release|Any CPU = Release|Any CPU
	EndGlobalSection
	GlobalSection(ProjectConfigurationPlatforms) = postSolution
		{D42CA915-8660-4125-B4E2-21EBD6ADA252}.Debug|Any CPU.ActiveCfg = Debug|Any CPU
		{D42CA915-8660-4125-B4E2-21EBD6ADA252}.Debug|Any CPU.Build.0 = Debug|Any CPU
		{D42CA915-8660-4125-B4E2-21EBD6ADA252}.Release|Any CPU.ActiveCfg = Release|Any CPU
		{D42CA915-8660-4125-B4E2-21EBD6ADA252}.Release|Any CPU.Build.0 = Release|Any CPU
		{0C0E21A5-3D18-4E31-8B31-A47D6BE67804}.Debug|Any CPU.ActiveCfg = Debug|Any CPU
		{0C0E21A5-3D18-4E31-8B31-A47D6BE67804}.Debug|Any CPU.Build.0 = Debug|Any CPU
		{0C0E21A5-3D18-4E31-8B31-A47D6BE67804}.Release|Any CPU.ActiveCfg = Release|Any CPU
		{0C0E21A5-3D18-4E31-8B31-A47D6BE67804}.Release|Any CPU.Build.0 = Release|Any CPU
	EndGlobalSection
	GlobalSection(SolutionProperties) = preSolution
		HideSolutionNode = FALSE
	EndGlobalSection
	GlobalSection(NestedProjects) = preSolution
		{D42CA915-8660-4125-B4E2-21EBD6ADA252} = {02EA681E-C7D8-13C7-8484-4AC65E1B71E8}
		{0C0E21A5-3D18-4E31-8B31-A47D6BE67804} = {D759309F-9F07-42C6-AA98-C721C1A066A4}
	EndGlobalSection
	GlobalSection(ExtensibilityGlobals) = postSolution
		SolutionGuid = {76942B4E-AB7B-4F02-A3DB-72FD10270606}
	EndGlobalSection
EndGlobal
